
Microsoft Visual Studio Solution File, Format Version 12.00
# Visual Studio Version 17
VisualStudioVersion = 17.11.35222.181
MinimumVisualStudioVersion = 10.0.40219.1
Project("{FAE04EC0-301F-11D3-BF4B-00C04F79EFBC}") = "Biblioteca", "Biblioteca.csproj", "{EAC24B28-9125-4ED2-ADEE-32D65723BCCA}"
EndProject
Global
	GlobalSection(SolutionConfigurationPlatforms) = preSolution
		Debug|Any CPU = Debug|Any CPU
		Release|Any CPU = Release|Any CPU
	EndGlobalSection
	GlobalSection(ProjectConfigurationPlatforms) = postSolution
		{EAC24B28-9125-4ED2-ADEE-32D65723BCCA}.Debug|Any CPU.ActiveCfg = Debug|Any CPU
		{EAC24B28-9125-4ED2-ADEE-32D65723BCCA}.Debug|Any CPU.Build.0 = Debug|Any CPU
		{EAC24B28-9125-4ED2-ADEE-32D65723BCCA}.Release|Any CPU.ActiveCfg = Release|Any CPU
		{EAC24B28-9125-4ED2-ADEE-32D65723BCCA}.Release|Any CPU.Build.0 = Release|Any CPU
	EndGlobalSection
	GlobalSection(SolutionProperties) = preSolution
		HideSolutionNode = FALSE
	EndGlobalSection
	GlobalSection(ExtensibilityGlobals) = postSolution
		SolutionGuid = {D9E6DA04-B415-48C0-9C7E-B2BF3362E3BA}
	EndGlobalSection
EndGlobal
